
Microsoft Visual Studio Solution File, Format Version 12.00
# Visual Studio 15
VisualStudioVersion = 15.0.28010.2026
MinimumVisualStudioVersion = 10.0.40219.1
Project("{FAE04EC0-301F-11D3-BF4B-00C04F79EFBC}") = "easyjet-interviw", "easyjet-interviw\easyjet-interviw.csproj", "{6B0F8C33-E82B-494F-8ECB-E58272E9BF93}"
EndProject
Project("{FAE04EC0-301F-11D3-BF4B-00C04F79EFBC}") = "UnitTestProject1", "UnitTestProject1\UnitTestProject1.csproj", "{65F130D5-89A3-4E06-B97C-771B4C2750E4}"
EndProject
Global
	GlobalSection(SolutionConfigurationPlatforms) = preSolution
		Debug|Any CPU = Debug|Any CPU
		Release|Any CPU = Release|Any CPU
	EndGlobalSection
	GlobalSection(ProjectConfigurationPlatforms) = postSolution
		{6B0F8C33-E82B-494F-8ECB-E58272E9BF93}.Debug|Any CPU.ActiveCfg = Debug|Any CPU
		{6B0F8C33-E82B-494F-8ECB-E58272E9BF93}.Debug|Any CPU.Build.0 = Debug|Any CPU
		{6B0F8C33-E82B-494F-8ECB-E58272E9BF93}.Release|Any CPU.ActiveCfg = Release|Any CPU
		{6B0F8C33-E82B-494F-8ECB-E58272E9BF93}.Release|Any CPU.Build.0 = Release|Any CPU
		{65F130D5-89A3-4E06-B97C-771B4C2750E4}.Debug|Any CPU.ActiveCfg = Debug|Any CPU
		{65F130D5-89A3-4E06-B97C-771B4C2750E4}.Debug|Any CPU.Build.0 = Debug|Any CPU
		{65F130D5-89A3-4E06-B97C-771B4C2750E4}.Release|Any CPU.ActiveCfg = Release|Any CPU
		{65F130D5-89A3-4E06-B97C-771B4C2750E4}.Release|Any CPU.Build.0 = Release|Any CPU
	EndGlobalSection
	GlobalSection(SolutionProperties) = preSolution
		HideSolutionNode = FALSE
	EndGlobalSection
	GlobalSection(ExtensibilityGlobals) = postSolution
		SolutionGuid = {18519A66-D8D8-4D06-B799-75D1FE7B9278}
	EndGlobalSection
EndGlobal
